
Microsoft Visual Studio Solution File, Format Version 12.00
# Visual Studio Version 17
VisualStudioVersion = 17.0.31903.59
MinimumVisualStudioVersion = 10.0.40219.1
Project("{FAE04EC0-301F-11D3-BF4B-00C04F79EFBC}") = "PacktLibrary", "PacktLibrary\PacktLibrary.csproj", "{89CBA4BA-2A71-4A51-AACB-A2DE1BC2F736}"
EndProject
Project("{FAE04EC0-301F-11D3-BF4B-00C04F79EFBC}") = "PeopleApp", "PeopleApp\PeopleApp.csproj", "{985E60BB-63A6-45E5-816A-70A00E50FD38}"
EndProject
Global
	GlobalSection(SolutionConfigurationPlatforms) = preSolution
		Debug|Any CPU = Debug|Any CPU
		Release|Any CPU = Release|Any CPU
	EndGlobalSection
	GlobalSection(SolutionProperties) = preSolution
		HideSolutionNode = FALSE
	EndGlobalSection
	GlobalSection(ProjectConfigurationPlatforms) = postSolution
		{89CBA4BA-2A71-4A51-AACB-A2DE1BC2F736}.Debug|Any CPU.ActiveCfg = Debug|Any CPU
		{89CBA4BA-2A71-4A51-AACB-A2DE1BC2F736}.Debug|Any CPU.Build.0 = Debug|Any CPU
		{89CBA4BA-2A71-4A51-AACB-A2DE1BC2F736}.Release|Any CPU.ActiveCfg = Release|Any CPU
		{89CBA4BA-2A71-4A51-AACB-A2DE1BC2F736}.Release|Any CPU.Build.0 = Release|Any CPU
		{985E60BB-63A6-45E5-816A-70A00E50FD38}.Debug|Any CPU.ActiveCfg = Debug|Any CPU
		{985E60BB-63A6-45E5-816A-70A00E50FD38}.Debug|Any CPU.Build.0 = Debug|Any CPU
		{985E60BB-63A6-45E5-816A-70A00E50FD38}.Release|Any CPU.ActiveCfg = Release|Any CPU
		{985E60BB-63A6-45E5-816A-70A00E50FD38}.Release|Any CPU.Build.0 = Release|Any CPU
	EndGlobalSection
EndGlobal
