
Microsoft Visual Studio Solution File, Format Version 12.00
# Visual Studio Version 17
VisualStudioVersion = 17.0.31903.59
MinimumVisualStudioVersion = 10.0.40219.1
Project("{FAE04EC0-301F-11D3-BF4B-00C04F79EFBC}") = "WorkingWithNumbers", "WorkingWithNumbers\WorkingWithNumbers.csproj", "{E30E61D4-D55B-4BBC-8F5A-2E3051F06AA9}"
EndProject
Project("{FAE04EC0-301F-11D3-BF4B-00C04F79EFBC}") = "WorkingWithText", "WorkingWithText\WorkingWithText.csproj", "{CD60B838-9DD5-4F4E-945F-D33548B23A9D}"
EndProject
Project("{FAE04EC0-301F-11D3-BF4B-00C04F79EFBC}") = "WorkingWithRegEx", "WorkingWithRegEx\WorkingWithRegEx.csproj", "{6F7A6C26-3711-4A5B-AFB9-21E4EDDDB12B}"
EndProject
Project("{FAE04EC0-301F-11D3-BF4B-00C04F79EFBC}") = "WorkingWithCollections", "WorkingWithCollections\WorkingWithCollections.csproj", "{81C1027D-059D-4431-AC25-6E44A14F887B}"
EndProject
Global
	GlobalSection(SolutionConfigurationPlatforms) = preSolution
		Debug|Any CPU = Debug|Any CPU
		Release|Any CPU = Release|Any CPU
	EndGlobalSection
	GlobalSection(SolutionProperties) = preSolution
		HideSolutionNode = FALSE
	EndGlobalSection
	GlobalSection(ProjectConfigurationPlatforms) = postSolution
		{E30E61D4-D55B-4BBC-8F5A-2E3051F06AA9}.Debug|Any CPU.ActiveCfg = Debug|Any CPU
		{E30E61D4-D55B-4BBC-8F5A-2E3051F06AA9}.Debug|Any CPU.Build.0 = Debug|Any CPU
		{E30E61D4-D55B-4BBC-8F5A-2E3051F06AA9}.Release|Any CPU.ActiveCfg = Release|Any CPU
		{E30E61D4-D55B-4BBC-8F5A-2E3051F06AA9}.Release|Any CPU.Build.0 = Release|Any CPU
		{CD60B838-9DD5-4F4E-945F-D33548B23A9D}.Debug|Any CPU.ActiveCfg = Debug|Any CPU
		{CD60B838-9DD5-4F4E-945F-D33548B23A9D}.Debug|Any CPU.Build.0 = Debug|Any CPU
		{CD60B838-9DD5-4F4E-945F-D33548B23A9D}.Release|Any CPU.ActiveCfg = Release|Any CPU
		{CD60B838-9DD5-4F4E-945F-D33548B23A9D}.Release|Any CPU.Build.0 = Release|Any CPU
		{6F7A6C26-3711-4A5B-AFB9-21E4EDDDB12B}.Debug|Any CPU.ActiveCfg = Debug|Any CPU
		{6F7A6C26-3711-4A5B-AFB9-21E4EDDDB12B}.Debug|Any CPU.Build.0 = Debug|Any CPU
		{6F7A6C26-3711-4A5B-AFB9-21E4EDDDB12B}.Release|Any CPU.ActiveCfg = Release|Any CPU
		{6F7A6C26-3711-4A5B-AFB9-21E4EDDDB12B}.Release|Any CPU.Build.0 = Release|Any CPU
		{81C1027D-059D-4431-AC25-6E44A14F887B}.Debug|Any CPU.ActiveCfg = Debug|Any CPU
		{81C1027D-059D-4431-AC25-6E44A14F887B}.Debug|Any CPU.Build.0 = Debug|Any CPU
		{81C1027D-059D-4431-AC25-6E44A14F887B}.Release|Any CPU.ActiveCfg = Release|Any CPU
		{81C1027D-059D-4431-AC25-6E44A14F887B}.Release|Any CPU.Build.0 = Release|Any CPU
	EndGlobalSection
EndGlobal
